
Microsoft Visual Studio Solution File, Format Version 12.00
# Visual Studio Version 17
VisualStudioVersion = 17.4.33213.308
MinimumVisualStudioVersion = 10.0.40219.1
Project("{FAE04EC0-301F-11D3-BF4B-00C04F79EFBC}") = "EPSONConsoleApp", "EPSONConsoleApp\EPSONConsoleApp.csproj", "{6B33C42E-5197-4B97-8C0C-6FB4A127D260}"
EndProject
Global
	GlobalSection(SolutionConfigurationPlatforms) = preSolution
		Debug|Any CPU = Debug|Any CPU
		Release|Any CPU = Release|Any CPU
	EndGlobalSection
	GlobalSection(ProjectConfigurationPlatforms) = postSolution
		{6B33C42E-5197-4B97-8C0C-6FB4A127D260}.Debug|Any CPU.ActiveCfg = Debug|Any CPU
		{6B33C42E-5197-4B97-8C0C-6FB4A127D260}.Debug|Any CPU.Build.0 = Debug|Any CPU
		{6B33C42E-5197-4B97-8C0C-6FB4A127D260}.Release|Any CPU.ActiveCfg = Release|Any CPU
		{6B33C42E-5197-4B97-8C0C-6FB4A127D260}.Release|Any CPU.Build.0 = Release|Any CPU
	EndGlobalSection
	GlobalSection(SolutionProperties) = preSolution
		HideSolutionNode = FALSE
	EndGlobalSection
	GlobalSection(ExtensibilityGlobals) = postSolution
		SolutionGuid = {12CB9328-5516-4A71-A336-2814779EF334}
	EndGlobalSection
EndGlobal
